
Microsoft Visual Studio Solution File, Format Version 12.00
# Visual Studio Version 17
VisualStudioVersion = 17.2.32630.192
MinimumVisualStudioVersion = 10.0.40219.1
Project("{FAE04EC0-301F-11D3-BF4B-00C04F79EFBC}") = "CS330_PROJECT", "CS330_PROJECT\CS330_PROJECT.csproj", "{76DF8691-9F49-4988-99A3-8FEBC1363F90}"
EndProject
Global
	GlobalSection(SolutionConfigurationPlatforms) = preSolution
		Debug|Any CPU = Debug|Any CPU
		Release|Any CPU = Release|Any CPU
	EndGlobalSection
	GlobalSection(ProjectConfigurationPlatforms) = postSolution
		{76DF8691-9F49-4988-99A3-8FEBC1363F90}.Debug|Any CPU.ActiveCfg = Debug|Any CPU
		{76DF8691-9F49-4988-99A3-8FEBC1363F90}.Debug|Any CPU.Build.0 = Debug|Any CPU
		{76DF8691-9F49-4988-99A3-8FEBC1363F90}.Release|Any CPU.ActiveCfg = Release|Any CPU
		{76DF8691-9F49-4988-99A3-8FEBC1363F90}.Release|Any CPU.Build.0 = Release|Any CPU
	EndGlobalSection
	GlobalSection(SolutionProperties) = preSolution
		HideSolutionNode = FALSE
	EndGlobalSection
	GlobalSection(ExtensibilityGlobals) = postSolution
		SolutionGuid = {E609DD45-D610-4952-B75C-176CF2B54BEB}
	EndGlobalSection
EndGlobal
